
Microsoft Visual Studio Solution File, Format Version 12.00
# Visual Studio Version 17
VisualStudioVersion = 17.1.32328.378
MinimumVisualStudioVersion = 10.0.40219.1
Project("{9A19103F-16F7-4668-BE54-9A1E7A4F7556}") = "LibraryA", "LibraryA\LibraryA.csproj", "{4A660C32-520F-4267-B843-333E252C0384}"
EndProject
Project("{9A19103F-16F7-4668-BE54-9A1E7A4F7556}") = "LibraryA.Tests.Unit", "LibraryA.Tests.Unit\LibraryA.Tests.Unit.csproj", "{FA178504-A195-41F2-9017-C771172835BF}"
EndProject
Project("{2150E333-8FDC-42A3-9474-1A3956D46DE8}") = "Solution Items", "Solution Items", "{BCDB071A-16F3-447F-BE13-B43AE32C532A}"
	ProjectSection(SolutionItems) = preProject
		.editorconfig = .editorconfig
	EndProjectSection
EndProject
Global
	GlobalSection(SolutionConfigurationPlatforms) = preSolution
		Debug|Any CPU = Debug|Any CPU
		Release|Any CPU = Release|Any CPU
	EndGlobalSection
	GlobalSection(ProjectConfigurationPlatforms) = postSolution
		{4A660C32-520F-4267-B843-333E252C0384}.Debug|Any CPU.ActiveCfg = Debug|Any CPU
		{4A660C32-520F-4267-B843-333E252C0384}.Debug|Any CPU.Build.0 = Debug|Any CPU
		{4A660C32-520F-4267-B843-333E252C0384}.Release|Any CPU.ActiveCfg = Release|Any CPU
		{4A660C32-520F-4267-B843-333E252C0384}.Release|Any CPU.Build.0 = Release|Any CPU
		{FA178504-A195-41F2-9017-C771172835BF}.Debug|Any CPU.ActiveCfg = Debug|Any CPU
		{FA178504-A195-41F2-9017-C771172835BF}.Debug|Any CPU.Build.0 = Debug|Any CPU
		{FA178504-A195-41F2-9017-C771172835BF}.Release|Any CPU.ActiveCfg = Release|Any CPU
		{FA178504-A195-41F2-9017-C771172835BF}.Release|Any CPU.Build.0 = Release|Any CPU
	EndGlobalSection
	GlobalSection(SolutionProperties) = preSolution
		HideSolutionNode = FALSE
	EndGlobalSection
	GlobalSection(ExtensibilityGlobals) = postSolution
		SolutionGuid = {EA67F223-2980-42BD-A7A9-B658CCD1CC31}
	EndGlobalSection
EndGlobal
